// !$*UTF8*$!
{
	archiveVersion = 1;
	classes = {
	};
	objectVersion = 55;
	objects = {

/* Begin PBXBuildFile section */
		6A0323062804718A000B1B21 /* DataController.swift in Sources */ = {isa = PBXBuildFile; fileRef = 6A809C3827FB794A0065A427 /* DataController.swift */; };
		6A0323092804729E000B1B21 /* ContentView.swift in Sources */ = {isa = PBXBuildFile; fileRef = 6A8D220527FAEA22002AC898 /* ContentView.swift */; };
		6A03230E28061C61000B1B21 /* ConfirmAddTaskPopup.swift in Sources */ = {isa = PBXBuildFile; fileRef = 6A03230D28061C61000B1B21 /* ConfirmAddTaskPopup.swift */; };
		6A03231028082485000B1B21 /* StepView.swift in Sources */ = {isa = PBXBuildFile; fileRef = 6A03230F28082485000B1B21 /* StepView.swift */; };
		6A032312280834DD000B1B21 /* ConfirmDeletePopup.swift in Sources */ = {isa = PBXBuildFile; fileRef = 6A032311280834DD000B1B21 /* ConfirmDeletePopup.swift */; };
		6A0323142808A477000B1B21 /* EditStepPopup.swift in Sources */ = {isa = PBXBuildFile; fileRef = 6A0323132808A477000B1B21 /* EditStepPopup.swift */; };
		6A0B672728103BD000992CE6 /* DrawerMenuView.swift in Sources */ = {isa = PBXBuildFile; fileRef = 6A0B672628103BD000992CE6 /* DrawerMenuView.swift */; };
		6A4E5135280EC3FE005C1664 /* NoteView.swift in Sources */ = {isa = PBXBuildFile; fileRef = 6A4E5134280EC3FE005C1664 /* NoteView.swift */; };
		6A4E5137280EC52F005C1664 /* AddNoteView.swift in Sources */ = {isa = PBXBuildFile; fileRef = 6A4E5136280EC52F005C1664 /* AddNoteView.swift */; };
		6A59F8A22806D95300706B98 /* QuoteApi.swift in Sources */ = {isa = PBXBuildFile; fileRef = 6A59F8A12806D95300706B98 /* QuoteApi.swift */; };
		6A59F8A52806DA4100706B98 /* SwiftyJSON in Frameworks */ = {isa = PBXBuildFile; productRef = 6A59F8A42806DA4100706B98 /* SwiftyJSON */; };
		6A59F8A82806E08800706B98 /* Alamofire in Frameworks */ = {isa = PBXBuildFile; productRef = 6A59F8A72806E08800706B98 /* Alamofire */; };
		6A59F8AA280C5EC900706B98 /* TaskRow.swift in Sources */ = {isa = PBXBuildFile; fileRef = 6A59F8A9280C5EC900706B98 /* TaskRow.swift */; };
		6A59F8AC280EA6F000706B98 /* UpcomingTaskRow.swift in Sources */ = {isa = PBXBuildFile; fileRef = 6A59F8AB280EA6F000706B98 /* UpcomingTaskRow.swift */; };
		6A59F8B3280FFC8700706B98 /* Note+CoreDataClass.swift in Sources */ = {isa = PBXBuildFile; fileRef = 6A59F8B1280FFC8700706B98 /* Note+CoreDataClass.swift */; };
		6A59F8B4280FFC8700706B98 /* Note+CoreDataProperties.swift in Sources */ = {isa = PBXBuildFile; fileRef = 6A59F8B2280FFC8700706B98 /* Note+CoreDataProperties.swift */; };
		6A59F8B6281692DD00706B98 /* ModifyNoteView.swift in Sources */ = {isa = PBXBuildFile; fileRef = 6A59F8B5281692DD00706B98 /* ModifyNoteView.swift */; };
		6A59F8B82817DCA300706B98 /* History.swift in Sources */ = {isa = PBXBuildFile; fileRef = 6A59F8B72817DCA300706B98 /* History.swift */; };
		6A59F8BB2817EAFA00706B98 /* HistoryTaskRow.swift in Sources */ = {isa = PBXBuildFile; fileRef = 6A59F8BA2817EAF900706B98 /* HistoryTaskRow.swift */; };
		6A8D220427FAEA22002AC898 /* MemoApp.swift in Sources */ = {isa = PBXBuildFile; fileRef = 6A8D220327FAEA22002AC898 /* MemoApp.swift */; };
		6A8D220827FAEA29002AC898 /* Assets.xcassets in Resources */ = {isa = PBXBuildFile; fileRef = 6A8D220727FAEA29002AC898 /* Assets.xcassets */; };
		6A8D220B27FAEA29002AC898 /* Preview Assets.xcassets in Resources */ = {isa = PBXBuildFile; fileRef = 6A8D220A27FAEA29002AC898 /* Preview Assets.xcassets */; };
		6A8D221027FAEA29002AC898 /* Memo.xcdatamodeld in Sources */ = {isa = PBXBuildFile; fileRef = 6A8D220E27FAEA29002AC898 /* Memo.xcdatamodeld */; };
		6A8D221A27FAEA29002AC898 /* MemoTests.swift in Sources */ = {isa = PBXBuildFile; fileRef = 6A8D221927FAEA29002AC898 /* MemoTests.swift */; };
		6A8D222427FAEA29002AC898 /* MemoUITests.swift in Sources */ = {isa = PBXBuildFile; fileRef = 6A8D222327FAEA29002AC898 /* MemoUITests.swift */; };
		6A8D222627FAEA29002AC898 /* MemoUITestsLaunchTests.swift in Sources */ = {isa = PBXBuildFile; fileRef = 6A8D222527FAEA29002AC898 /* MemoUITestsLaunchTests.swift */; };
		6A92FA54280E8EBA0005A010 /* AddLocationView.swift in Sources */ = {isa = PBXBuildFile; fileRef = 6A92FA53280E8EBA0005A010 /* AddLocationView.swift */; };
		6A92FA5F280F166F0005A010 /* TaskLocation+CoreDataClass.swift in Sources */ = {isa = PBXBuildFile; fileRef = 6A92FA5D280F166F0005A010 /* TaskLocation+CoreDataClass.swift */; };
		6A92FA60280F166F0005A010 /* TaskLocation+CoreDataProperties.swift in Sources */ = {isa = PBXBuildFile; fileRef = 6A92FA5E280F166F0005A010 /* TaskLocation+CoreDataProperties.swift */; };
		6AA132AB281AEF6300875C7F /* HomeButton.swift in Sources */ = {isa = PBXBuildFile; fileRef = 6AA132AA281AEF6300875C7F /* HomeButton.swift */; };
		6AA132AD281AEF9A00875C7F /* ProfileButton.swift in Sources */ = {isa = PBXBuildFile; fileRef = 6AA132AC281AEF9A00875C7F /* ProfileButton.swift */; };
		6AA132AF281AEFF200875C7F /* HistoryButton.swift in Sources */ = {isa = PBXBuildFile; fileRef = 6AA132AE281AEFF200875C7F /* HistoryButton.swift */; };
		6A92FA63281808440005A010 /* AddLocationMapView.swift in Sources */ = {isa = PBXBuildFile; fileRef = 6A92FA62281808440005A010 /* AddLocationMapView.swift */; };
		6AA903C2280546D200FF4214 /* Profile.swift in Sources */ = {isa = PBXBuildFile; fileRef = 6AA903C1280546D200FF4214 /* Profile.swift */; };
		6AA903C4280547A400FF4214 /* ProfileView.swift in Sources */ = {isa = PBXBuildFile; fileRef = 6AA903C3280547A400FF4214 /* ProfileView.swift */; };
		6AA903C928112E2400FF4214 /* Tasks.swift in Sources */ = {isa = PBXBuildFile; fileRef = 6AA903C828112E2300FF4214 /* Tasks.swift */; };
		6AA903CF2811341B00FF4214 /* MapView.swift in Sources */ = {isa = PBXBuildFile; fileRef = 6AA903CE2811341B00FF4214 /* MapView.swift */; };
		6AA903D1281273B300FF4214 /* SlideUp.swift in Sources */ = {isa = PBXBuildFile; fileRef = 6AA903D0281273B300FF4214 /* SlideUp.swift */; };
		6AA903D62817FF0100FF4214 /* CustomAnnotation.swift in Sources */ = {isa = PBXBuildFile; fileRef = 6AA903D52817FF0100FF4214 /* CustomAnnotation.swift */; };
		6AD7D39127FDB5E100B657B4 /* Step+CoreDataClass.swift in Sources */ = {isa = PBXBuildFile; fileRef = 6AD7D38D27FDB5E100B657B4 /* Step+CoreDataClass.swift */; };
		6AD7D39227FDB5E100B657B4 /* Step+CoreDataProperties.swift in Sources */ = {isa = PBXBuildFile; fileRef = 6AD7D38E27FDB5E100B657B4 /* Step+CoreDataProperties.swift */; };
		6AD7D39527FE278E00B657B4 /* AddTaskView.swift in Sources */ = {isa = PBXBuildFile; fileRef = 6AD7D39427FE278E00B657B4 /* AddTaskView.swift */; };
		6AD7D39E27FF053B00B657B4 /* Task+CoreDataClass.swift in Sources */ = {isa = PBXBuildFile; fileRef = 6AD7D39C27FF053B00B657B4 /* Task+CoreDataClass.swift */; };
		6AD7D39F27FF053B00B657B4 /* Task+CoreDataProperties.swift in Sources */ = {isa = PBXBuildFile; fileRef = 6AD7D39D27FF053B00B657B4 /* Task+CoreDataProperties.swift */; };
		6AD7D3A22800319C00B657B4 /* DatePickerPopup.swift in Sources */ = {isa = PBXBuildFile; fileRef = 6AD7D3A12800319C00B657B4 /* DatePickerPopup.swift */; };
		6AD7D3A4280382F300B657B4 /* AddStepPopup.swift in Sources */ = {isa = PBXBuildFile; fileRef = 6AD7D3A3280382F300B657B4 /* AddStepPopup.swift */; };
		6ADBDD2027FF02D400EFF647 /* TempTaskStepNote.swift in Sources */ = {isa = PBXBuildFile; fileRef = 6ADBDD1F27FF02D400EFF647 /* TempTaskStepNote.swift */; };
		6ADBDD2227FF082000EFF647 /* HomeFooterView.swift in Sources */ = {isa = PBXBuildFile; fileRef = 6ADBDD2127FF082000EFF647 /* HomeFooterView.swift */; };
		6AF9D7ED27FEF49B00CEB68A /* Home.swift in Sources */ = {isa = PBXBuildFile; fileRef = 6AF9D7EC27FEF49B00CEB68A /* Home.swift */; };
		6AF9D7F127FEF4F300CEB68A /* HomeHeaderView.swift in Sources */ = {isa = PBXBuildFile; fileRef = 6AF9D7F027FEF4F300CEB68A /* HomeHeaderView.swift */; };
		EF05519B281ABFF200DEACB9 /* DrawerMenuState.swift in Sources */ = {isa = PBXBuildFile; fileRef = EF05519A281ABFF200DEACB9 /* DrawerMenuState.swift */; };
		EF05519D281AC1FB00DEACB9 /* DrawerMenuToggleButton.swift in Sources */ = {isa = PBXBuildFile; fileRef = EF05519C281AC1FB00DEACB9 /* DrawerMenuToggleButton.swift */; };
		EF05519F281AC31400DEACB9 /* DrawerMenuContainer.swift in Sources */ = {isa = PBXBuildFile; fileRef = EF05519E281AC31400DEACB9 /* DrawerMenuContainer.swift */; };
/* End PBXBuildFile section */

/* Begin PBXContainerItemProxy section */
		6A8D221627FAEA29002AC898 /* PBXContainerItemProxy */ = {
			isa = PBXContainerItemProxy;
			containerPortal = 6A8D21F827FAEA22002AC898 /* Project object */;
			proxyType = 1;
			remoteGlobalIDString = 6A8D21FF27FAEA22002AC898;
			remoteInfo = Memo;
		};
		6A8D222027FAEA29002AC898 /* PBXContainerItemProxy */ = {
			isa = PBXContainerItemProxy;
			containerPortal = 6A8D21F827FAEA22002AC898 /* Project object */;
			proxyType = 1;
			remoteGlobalIDString = 6A8D21FF27FAEA22002AC898;
			remoteInfo = Memo;
		};
/* End PBXContainerItemProxy section */

/* Begin PBXFileReference section */
		6A03230D28061C61000B1B21 /* ConfirmAddTaskPopup.swift */ = {isa = PBXFileReference; lastKnownFileType = sourcecode.swift; path = ConfirmAddTaskPopup.swift; sourceTree = "<group>"; };
		6A03230F28082485000B1B21 /* StepView.swift */ = {isa = PBXFileReference; lastKnownFileType = sourcecode.swift; path = StepView.swift; sourceTree = "<group>"; };
		6A032311280834DD000B1B21 /* ConfirmDeletePopup.swift */ = {isa = PBXFileReference; lastKnownFileType = sourcecode.swift; path = ConfirmDeletePopup.swift; sourceTree = "<group>"; };
		6A0323132808A477000B1B21 /* EditStepPopup.swift */ = {isa = PBXFileReference; lastKnownFileType = sourcecode.swift; path = EditStepPopup.swift; sourceTree = "<group>"; };
		6A0B672628103BD000992CE6 /* DrawerMenuView.swift */ = {isa = PBXFileReference; lastKnownFileType = sourcecode.swift; path = DrawerMenuView.swift; sourceTree = "<group>"; };
		6A4E5134280EC3FE005C1664 /* NoteView.swift */ = {isa = PBXFileReference; lastKnownFileType = sourcecode.swift; path = NoteView.swift; sourceTree = "<group>"; };
		6A4E5136280EC52F005C1664 /* AddNoteView.swift */ = {isa = PBXFileReference; lastKnownFileType = sourcecode.swift; path = AddNoteView.swift; sourceTree = "<group>"; };
		6A59F8A12806D95300706B98 /* QuoteApi.swift */ = {isa = PBXFileReference; lastKnownFileType = sourcecode.swift; path = QuoteApi.swift; sourceTree = "<group>"; };
		6A59F8A9280C5EC900706B98 /* TaskRow.swift */ = {isa = PBXFileReference; lastKnownFileType = sourcecode.swift; path = TaskRow.swift; sourceTree = "<group>"; };
		6A59F8AB280EA6F000706B98 /* UpcomingTaskRow.swift */ = {isa = PBXFileReference; lastKnownFileType = sourcecode.swift; path = UpcomingTaskRow.swift; sourceTree = "<group>"; };
		6A59F8B1280FFC8700706B98 /* Note+CoreDataClass.swift */ = {isa = PBXFileReference; lastKnownFileType = sourcecode.swift; path = "Note+CoreDataClass.swift"; sourceTree = "<group>"; };
		6A59F8B2280FFC8700706B98 /* Note+CoreDataProperties.swift */ = {isa = PBXFileReference; lastKnownFileType = sourcecode.swift; path = "Note+CoreDataProperties.swift"; sourceTree = "<group>"; };
		6A59F8B5281692DD00706B98 /* ModifyNoteView.swift */ = {isa = PBXFileReference; lastKnownFileType = sourcecode.swift; path = ModifyNoteView.swift; sourceTree = "<group>"; };
		6A59F8B72817DCA300706B98 /* History.swift */ = {isa = PBXFileReference; lastKnownFileType = sourcecode.swift; path = History.swift; sourceTree = "<group>"; };
		6A59F8BA2817EAF900706B98 /* HistoryTaskRow.swift */ = {isa = PBXFileReference; lastKnownFileType = sourcecode.swift; path = HistoryTaskRow.swift; sourceTree = "<group>"; };
		6A809C3827FB794A0065A427 /* DataController.swift */ = {isa = PBXFileReference; lastKnownFileType = sourcecode.swift; path = DataController.swift; sourceTree = "<group>"; };
		6A8D220027FAEA22002AC898 /* Memo.app */ = {isa = PBXFileReference; explicitFileType = wrapper.application; includeInIndex = 0; path = Memo.app; sourceTree = BUILT_PRODUCTS_DIR; };
		6A8D220327FAEA22002AC898 /* MemoApp.swift */ = {isa = PBXFileReference; lastKnownFileType = sourcecode.swift; path = MemoApp.swift; sourceTree = "<group>"; };
		6A8D220527FAEA22002AC898 /* ContentView.swift */ = {isa = PBXFileReference; lastKnownFileType = sourcecode.swift; path = ContentView.swift; sourceTree = "<group>"; };
		6A8D220727FAEA29002AC898 /* Assets.xcassets */ = {isa = PBXFileReference; lastKnownFileType = folder.assetcatalog; path = Assets.xcassets; sourceTree = "<group>"; };
		6A8D220A27FAEA29002AC898 /* Preview Assets.xcassets */ = {isa = PBXFileReference; lastKnownFileType = folder.assetcatalog; path = "Preview Assets.xcassets"; sourceTree = "<group>"; };
		6A8D220F27FAEA29002AC898 /* Memo.xcdatamodel */ = {isa = PBXFileReference; lastKnownFileType = wrapper.xcdatamodel; path = Memo.xcdatamodel; sourceTree = "<group>"; };
		6A8D221527FAEA29002AC898 /* MemoTests.xctest */ = {isa = PBXFileReference; explicitFileType = wrapper.cfbundle; includeInIndex = 0; path = MemoTests.xctest; sourceTree = BUILT_PRODUCTS_DIR; };
		6A8D221927FAEA29002AC898 /* MemoTests.swift */ = {isa = PBXFileReference; lastKnownFileType = sourcecode.swift; path = MemoTests.swift; sourceTree = "<group>"; };
		6A8D221F27FAEA29002AC898 /* MemoUITests.xctest */ = {isa = PBXFileReference; explicitFileType = wrapper.cfbundle; includeInIndex = 0; path = MemoUITests.xctest; sourceTree = BUILT_PRODUCTS_DIR; };
		6A8D222327FAEA29002AC898 /* MemoUITests.swift */ = {isa = PBXFileReference; lastKnownFileType = sourcecode.swift; path = MemoUITests.swift; sourceTree = "<group>"; };
		6A8D222527FAEA29002AC898 /* MemoUITestsLaunchTests.swift */ = {isa = PBXFileReference; lastKnownFileType = sourcecode.swift; path = MemoUITestsLaunchTests.swift; sourceTree = "<group>"; };
		6A92FA53280E8EBA0005A010 /* AddLocationView.swift */ = {isa = PBXFileReference; lastKnownFileType = sourcecode.swift; path = AddLocationView.swift; sourceTree = "<group>"; };
		6A92FA5D280F166F0005A010 /* TaskLocation+CoreDataClass.swift */ = {isa = PBXFileReference; lastKnownFileType = sourcecode.swift; path = "TaskLocation+CoreDataClass.swift"; sourceTree = "<group>"; };
		6A92FA5E280F166F0005A010 /* TaskLocation+CoreDataProperties.swift */ = {isa = PBXFileReference; lastKnownFileType = sourcecode.swift; path = "TaskLocation+CoreDataProperties.swift"; sourceTree = "<group>"; };
		6AA132AA281AEF6300875C7F /* HomeButton.swift */ = {isa = PBXFileReference; lastKnownFileType = sourcecode.swift; path = HomeButton.swift; sourceTree = "<group>"; };
		6AA132AC281AEF9A00875C7F /* ProfileButton.swift */ = {isa = PBXFileReference; lastKnownFileType = sourcecode.swift; path = ProfileButton.swift; sourceTree = "<group>"; };
		6AA132AE281AEFF200875C7F /* HistoryButton.swift */ = {isa = PBXFileReference; lastKnownFileType = sourcecode.swift; path = HistoryButton.swift; sourceTree = "<group>"; };
		6A92FA62281808440005A010 /* AddLocationMapView.swift */ = {isa = PBXFileReference; lastKnownFileType = sourcecode.swift; path = AddLocationMapView.swift; sourceTree = "<group>"; };
		6AA903C1280546D200FF4214 /* Profile.swift */ = {isa = PBXFileReference; lastKnownFileType = sourcecode.swift; path = Profile.swift; sourceTree = "<group>"; };
		6AA903C3280547A400FF4214 /* ProfileView.swift */ = {isa = PBXFileReference; lastKnownFileType = sourcecode.swift; path = ProfileView.swift; sourceTree = "<group>"; };
		6AA903C828112E2300FF4214 /* Tasks.swift */ = {isa = PBXFileReference; lastKnownFileType = sourcecode.swift; path = Tasks.swift; sourceTree = "<group>"; };
		6AA903CE2811341B00FF4214 /* MapView.swift */ = {isa = PBXFileReference; lastKnownFileType = sourcecode.swift; path = MapView.swift; sourceTree = "<group>"; };
		6AA903D0281273B300FF4214 /* SlideUp.swift */ = {isa = PBXFileReference; lastKnownFileType = sourcecode.swift; path = SlideUp.swift; sourceTree = "<group>"; };
		6AA903D228127F0A00FF4214 /* Info.plist */ = {isa = PBXFileReference; lastKnownFileType = text.plist; path = Info.plist; sourceTree = "<group>"; };
		6AA903D52817FF0100FF4214 /* CustomAnnotation.swift */ = {isa = PBXFileReference; lastKnownFileType = sourcecode.swift; path = CustomAnnotation.swift; sourceTree = "<group>"; };
		6AD7D38D27FDB5E100B657B4 /* Step+CoreDataClass.swift */ = {isa = PBXFileReference; lastKnownFileType = sourcecode.swift; path = "Step+CoreDataClass.swift"; sourceTree = "<group>"; };
		6AD7D38E27FDB5E100B657B4 /* Step+CoreDataProperties.swift */ = {isa = PBXFileReference; lastKnownFileType = sourcecode.swift; path = "Step+CoreDataProperties.swift"; sourceTree = "<group>"; };
		6AD7D39427FE278E00B657B4 /* AddTaskView.swift */ = {isa = PBXFileReference; lastKnownFileType = sourcecode.swift; path = AddTaskView.swift; sourceTree = "<group>"; };
		6AD7D39C27FF053B00B657B4 /* Task+CoreDataClass.swift */ = {isa = PBXFileReference; lastKnownFileType = sourcecode.swift; path = "Task+CoreDataClass.swift"; sourceTree = "<group>"; };
		6AD7D39D27FF053B00B657B4 /* Task+CoreDataProperties.swift */ = {isa = PBXFileReference; lastKnownFileType = sourcecode.swift; path = "Task+CoreDataProperties.swift"; sourceTree = "<group>"; };
		6AD7D3A12800319C00B657B4 /* DatePickerPopup.swift */ = {isa = PBXFileReference; lastKnownFileType = sourcecode.swift; path = DatePickerPopup.swift; sourceTree = "<group>"; };
		6AD7D3A3280382F300B657B4 /* AddStepPopup.swift */ = {isa = PBXFileReference; lastKnownFileType = sourcecode.swift; path = AddStepPopup.swift; sourceTree = "<group>"; };
		6ADBDD1F27FF02D400EFF647 /* TempTaskStepNote.swift */ = {isa = PBXFileReference; lastKnownFileType = sourcecode.swift; path = TempTaskStepNote.swift; sourceTree = "<group>"; };
		6ADBDD2127FF082000EFF647 /* HomeFooterView.swift */ = {isa = PBXFileReference; lastKnownFileType = sourcecode.swift; path = HomeFooterView.swift; sourceTree = "<group>"; };
		6AF9D7EC27FEF49B00CEB68A /* Home.swift */ = {isa = PBXFileReference; lastKnownFileType = sourcecode.swift; path = Home.swift; sourceTree = "<group>"; };
		6AF9D7F027FEF4F300CEB68A /* HomeHeaderView.swift */ = {isa = PBXFileReference; lastKnownFileType = sourcecode.swift; path = HomeHeaderView.swift; sourceTree = "<group>"; };
		EF05519A281ABFF200DEACB9 /* DrawerMenuState.swift */ = {isa = PBXFileReference; lastKnownFileType = sourcecode.swift; path = DrawerMenuState.swift; sourceTree = "<group>"; };
		EF05519C281AC1FB00DEACB9 /* DrawerMenuToggleButton.swift */ = {isa = PBXFileReference; lastKnownFileType = sourcecode.swift; path = DrawerMenuToggleButton.swift; sourceTree = "<group>"; };
		EF05519E281AC31400DEACB9 /* DrawerMenuContainer.swift */ = {isa = PBXFileReference; lastKnownFileType = sourcecode.swift; path = DrawerMenuContainer.swift; sourceTree = "<group>"; };
/* End PBXFileReference section */

/* Begin PBXFrameworksBuildPhase section */
		6A8D21FD27FAEA22002AC898 /* Frameworks */ = {
			isa = PBXFrameworksBuildPhase;
			buildActionMask = 2147483647;
			files = (
				6A59F8A52806DA4100706B98 /* SwiftyJSON in Frameworks */,
				6A59F8A82806E08800706B98 /* Alamofire in Frameworks */,
			);
			runOnlyForDeploymentPostprocessing = 0;
		};
		6A8D221227FAEA29002AC898 /* Frameworks */ = {
			isa = PBXFrameworksBuildPhase;
			buildActionMask = 2147483647;
			files = (
			);
			runOnlyForDeploymentPostprocessing = 0;
		};
		6A8D221C27FAEA29002AC898 /* Frameworks */ = {
			isa = PBXFrameworksBuildPhase;
			buildActionMask = 2147483647;
			files = (
			);
			runOnlyForDeploymentPostprocessing = 0;
		};
/* End PBXFrameworksBuildPhase section */

/* Begin PBXGroup section */
		6A0B672528103B5000992CE6 /* DrawerMenu */ = {
			isa = PBXGroup;
			children = (
				6A0B672628103BD000992CE6 /* DrawerMenuView.swift */,
				EF05519C281AC1FB00DEACB9 /* DrawerMenuToggleButton.swift */,
				EF05519E281AC31400DEACB9 /* DrawerMenuContainer.swift */,
				6AA132AA281AEF6300875C7F /* HomeButton.swift */,
				6AA132AC281AEF9A00875C7F /* ProfileButton.swift */,
				6AA132AE281AEFF200875C7F /* HistoryButton.swift */,
			);
			path = DrawerMenu;
			sourceTree = "<group>";
		};
		6A59F8A02806D93F00706B98 /* Network */ = {
			isa = PBXGroup;
			children = (
				6A59F8A12806D95300706B98 /* QuoteApi.swift */,
			);
			path = Network;
			sourceTree = "<group>";
		};
		6A59F8B92817EAE800706B98 /* History */ = {
			isa = PBXGroup;
			children = (
				6A59F8BA2817EAF900706B98 /* HistoryTaskRow.swift */,
			);
			path = History;
			sourceTree = "<group>";
		};
		6A8D21F727FAEA22002AC898 = {
			isa = PBXGroup;
			children = (
				6A8D220227FAEA22002AC898 /* Memo */,
				6A8D221827FAEA29002AC898 /* MemoTests */,
				6A8D222227FAEA29002AC898 /* MemoUITests */,
				6A8D220127FAEA22002AC898 /* Products */,
			);
			sourceTree = "<group>";
		};
		6A8D220127FAEA22002AC898 /* Products */ = {
			isa = PBXGroup;
			children = (
				6A8D220027FAEA22002AC898 /* Memo.app */,
				6A8D221527FAEA29002AC898 /* MemoTests.xctest */,
				6A8D221F27FAEA29002AC898 /* MemoUITests.xctest */,
			);
			name = Products;
			sourceTree = "<group>";
		};
		6A8D220227FAEA22002AC898 /* Memo */ = {
			isa = PBXGroup;
			children = (
				EF055199281ABED900DEACB9 /* Observables */,
				6AA903D228127F0A00FF4214 /* Info.plist */,
				6A59F8A02806D93F00706B98 /* Network */,
				6ADBDD1E27FF02BE00EFF647 /* TempModels */,
				6AF9D7EE27FEF4B100CEB68A /* Components */,
				6AF9D7EB27FEF48D00CEB68A /* Screens */,
				6AD7D38A27FDB5C600B657B4 /* Data */,
				6A8D220327FAEA22002AC898 /* MemoApp.swift */,
				6A809C3827FB794A0065A427 /* DataController.swift */,
				6A8D220527FAEA22002AC898 /* ContentView.swift */,
				6A8D220727FAEA29002AC898 /* Assets.xcassets */,
				6A8D220E27FAEA29002AC898 /* Memo.xcdatamodeld */,
				6A8D220927FAEA29002AC898 /* Preview Content */,
			);
			path = Memo;
			sourceTree = "<group>";
		};
		6A8D220927FAEA29002AC898 /* Preview Content */ = {
			isa = PBXGroup;
			children = (
				6A8D220A27FAEA29002AC898 /* Preview Assets.xcassets */,
			);
			path = "Preview Content";
			sourceTree = "<group>";
		};
		6A8D221827FAEA29002AC898 /* MemoTests */ = {
			isa = PBXGroup;
			children = (
				6A8D221927FAEA29002AC898 /* MemoTests.swift */,
			);
			path = MemoTests;
			sourceTree = "<group>";
		};
		6A8D222227FAEA29002AC898 /* MemoUITests */ = {
			isa = PBXGroup;
			children = (
				6A8D222327FAEA29002AC898 /* MemoUITests.swift */,
				6A8D222527FAEA29002AC898 /* MemoUITestsLaunchTests.swift */,
			);
			path = MemoUITests;
			sourceTree = "<group>";
		};
		6AA903C02805463900FF4214 /* Profile */ = {
			isa = PBXGroup;
			children = (
				6AA903C3280547A400FF4214 /* ProfileView.swift */,
			);
			path = Profile;
			sourceTree = "<group>";
		};
		6AA903C528104C5600FF4214 /* TaskScreen */ = {
			isa = PBXGroup;
			children = (
				6AA903CE2811341B00FF4214 /* MapView.swift */,
				6AA903D0281273B300FF4214 /* SlideUp.swift */,
				6AA903D52817FF0100FF4214 /* CustomAnnotation.swift */,
			);
			path = TaskScreen;
			sourceTree = "<group>";
		};
		6AD7D38A27FDB5C600B657B4 /* Data */ = {
			isa = PBXGroup;
			children = (
				6A92FA5D280F166F0005A010 /* TaskLocation+CoreDataClass.swift */,
				6A92FA5E280F166F0005A010 /* TaskLocation+CoreDataProperties.swift */,
				6A59F8B1280FFC8700706B98 /* Note+CoreDataClass.swift */,
				6A59F8B2280FFC8700706B98 /* Note+CoreDataProperties.swift */,
				6AD7D39C27FF053B00B657B4 /* Task+CoreDataClass.swift */,
				6AD7D39D27FF053B00B657B4 /* Task+CoreDataProperties.swift */,
				6AD7D38D27FDB5E100B657B4 /* Step+CoreDataClass.swift */,
				6AD7D38E27FDB5E100B657B4 /* Step+CoreDataProperties.swift */,
			);
			path = Data;
			sourceTree = "<group>";
		};
		6AD7D3A02800317C00B657B4 /* AddTask */ = {
			isa = PBXGroup;
			children = (
				6AD7D3A12800319C00B657B4 /* DatePickerPopup.swift */,
				6AD7D3A3280382F300B657B4 /* AddStepPopup.swift */,
				6A03230D28061C61000B1B21 /* ConfirmAddTaskPopup.swift */,
				6A03230F28082485000B1B21 /* StepView.swift */,
				6A032311280834DD000B1B21 /* ConfirmDeletePopup.swift */,
				6A0323132808A477000B1B21 /* EditStepPopup.swift */,
				6A92FA53280E8EBA0005A010 /* AddLocationView.swift */,
				6A92FA62281808440005A010 /* AddLocationMapView.swift */,
			);
			path = AddTask;
			sourceTree = "<group>";
		};
		6ADBDD1E27FF02BE00EFF647 /* TempModels */ = {
			isa = PBXGroup;
			children = (
				6ADBDD1F27FF02D400EFF647 /* TempTaskStepNote.swift */,
			);
			path = TempModels;
			sourceTree = "<group>";
		};
		6AF9D7EB27FEF48D00CEB68A /* Screens */ = {
			isa = PBXGroup;
			children = (
				6A4E5136280EC52F005C1664 /* AddNoteView.swift */,
				6AD7D39427FE278E00B657B4 /* AddTaskView.swift */,
				6A59F8B5281692DD00706B98 /* ModifyNoteView.swift */,
				6AA903C1280546D200FF4214 /* Profile.swift */,
				6AF9D7EC27FEF49B00CEB68A /* Home.swift */,
				6A4E5134280EC3FE005C1664 /* NoteView.swift */,
				6A59F8B72817DCA300706B98 /* History.swift */,
				6AA903C1280546D200FF4214 /* Profile.swift */,
				6AA903C828112E2300FF4214 /* Tasks.swift */,
			);
			path = Screens;
			sourceTree = "<group>";
		};
		6AF9D7EE27FEF4B100CEB68A /* Components */ = {
			isa = PBXGroup;
			children = (
				6A59F8B92817EAE800706B98 /* History */,
				6AA903C528104C5600FF4214 /* TaskScreen */,
				6A0B672528103B5000992CE6 /* DrawerMenu */,
				6AD7D3A02800317C00B657B4 /* AddTask */,
				6AA903C02805463900FF4214 /* Profile */,
				6AF9D7EF27FEF4BC00CEB68A /* Home */,
			);
			path = Components;
			sourceTree = "<group>";
		};
		6AF9D7EF27FEF4BC00CEB68A /* Home */ = {
			isa = PBXGroup;
			children = (
				6AF9D7F027FEF4F300CEB68A /* HomeHeaderView.swift */,
				6ADBDD2127FF082000EFF647 /* HomeFooterView.swift */,
				6A59F8A9280C5EC900706B98 /* TaskRow.swift */,
				6A59F8AB280EA6F000706B98 /* UpcomingTaskRow.swift */,
			);
			path = Home;
			sourceTree = "<group>";
		};
		EF055199281ABED900DEACB9 /* Observables */ = {
			isa = PBXGroup;
			children = (
				EF05519A281ABFF200DEACB9 /* DrawerMenuState.swift */,
			);
			path = Observables;
			sourceTree = "<group>";
		};
/* End PBXGroup section */

/* Begin PBXNativeTarget section */
		6A8D21FF27FAEA22002AC898 /* Memo */ = {
			isa = PBXNativeTarget;
			buildConfigurationList = 6A8D222927FAEA29002AC898 /* Build configuration list for PBXNativeTarget "Memo" */;
			buildPhases = (
				6A8D21FC27FAEA22002AC898 /* Sources */,
				6A8D21FD27FAEA22002AC898 /* Frameworks */,
				6A8D21FE27FAEA22002AC898 /* Resources */,
			);
			buildRules = (
			);
			dependencies = (
			);
			name = Memo;
			packageProductDependencies = (
				6A59F8A42806DA4100706B98 /* SwiftyJSON */,
				6A59F8A72806E08800706B98 /* Alamofire */,
			);
			productName = Memo;
			productReference = 6A8D220027FAEA22002AC898 /* Memo.app */;
			productType = "com.apple.product-type.application";
		};
		6A8D221427FAEA29002AC898 /* MemoTests */ = {
			isa = PBXNativeTarget;
			buildConfigurationList = 6A8D222C27FAEA29002AC898 /* Build configuration list for PBXNativeTarget "MemoTests" */;
			buildPhases = (
				6A8D221127FAEA29002AC898 /* Sources */,
				6A8D221227FAEA29002AC898 /* Frameworks */,
				6A8D221327FAEA29002AC898 /* Resources */,
			);
			buildRules = (
			);
			dependencies = (
				6A8D221727FAEA29002AC898 /* PBXTargetDependency */,
			);
			name = MemoTests;
			productName = MemoTests;
			productReference = 6A8D221527FAEA29002AC898 /* MemoTests.xctest */;
			productType = "com.apple.product-type.bundle.unit-test";
		};
		6A8D221E27FAEA29002AC898 /* MemoUITests */ = {
			isa = PBXNativeTarget;
			buildConfigurationList = 6A8D222F27FAEA29002AC898 /* Build configuration list for PBXNativeTarget "MemoUITests" */;
			buildPhases = (
				6A8D221B27FAEA29002AC898 /* Sources */,
				6A8D221C27FAEA29002AC898 /* Frameworks */,
				6A8D221D27FAEA29002AC898 /* Resources */,
			);
			buildRules = (
			);
			dependencies = (
				6A8D222127FAEA29002AC898 /* PBXTargetDependency */,
			);
			name = MemoUITests;
			productName = MemoUITests;
			productReference = 6A8D221F27FAEA29002AC898 /* MemoUITests.xctest */;
			productType = "com.apple.product-type.bundle.ui-testing";
		};
/* End PBXNativeTarget section */

/* Begin PBXProject section */
		6A8D21F827FAEA22002AC898 /* Project object */ = {
			isa = PBXProject;
			attributes = {
				BuildIndependentTargetsInParallel = 1;
				LastSwiftUpdateCheck = 1320;
				LastUpgradeCheck = 1330;
				TargetAttributes = {
					6A8D21FF27FAEA22002AC898 = {
						CreatedOnToolsVersion = 13.2.1;
					};
					6A8D221427FAEA29002AC898 = {
						CreatedOnToolsVersion = 13.2.1;
						TestTargetID = 6A8D21FF27FAEA22002AC898;
					};
					6A8D221E27FAEA29002AC898 = {
						CreatedOnToolsVersion = 13.2.1;
						TestTargetID = 6A8D21FF27FAEA22002AC898;
					};
				};
			};
			buildConfigurationList = 6A8D21FB27FAEA22002AC898 /* Build configuration list for PBXProject "Memo" */;
			compatibilityVersion = "Xcode 13.0";
			developmentRegion = en;
			hasScannedForEncodings = 0;
			knownRegions = (
				en,
				Base,
			);
			mainGroup = 6A8D21F727FAEA22002AC898;
			packageReferences = (
				6A59F8A32806DA4100706B98 /* XCRemoteSwiftPackageReference "SwiftyJSON" */,
				6A59F8A62806E08800706B98 /* XCRemoteSwiftPackageReference "Alamofire" */,
			);
			productRefGroup = 6A8D220127FAEA22002AC898 /* Products */;
			projectDirPath = "";
			projectRoot = "";
			targets = (
				6A8D21FF27FAEA22002AC898 /* Memo */,
				6A8D221427FAEA29002AC898 /* MemoTests */,
				6A8D221E27FAEA29002AC898 /* MemoUITests */,
			);
		};
/* End PBXProject section */

/* Begin PBXResourcesBuildPhase section */
		6A8D21FE27FAEA22002AC898 /* Resources */ = {
			isa = PBXResourcesBuildPhase;
			buildActionMask = 2147483647;
			files = (
				6A8D220B27FAEA29002AC898 /* Preview Assets.xcassets in Resources */,
				6A8D220827FAEA29002AC898 /* Assets.xcassets in Resources */,
			);
			runOnlyForDeploymentPostprocessing = 0;
		};
		6A8D221327FAEA29002AC898 /* Resources */ = {
			isa = PBXResourcesBuildPhase;
			buildActionMask = 2147483647;
			files = (
			);
			runOnlyForDeploymentPostprocessing = 0;
		};
		6A8D221D27FAEA29002AC898 /* Resources */ = {
			isa = PBXResourcesBuildPhase;
			buildActionMask = 2147483647;
			files = (
			);
			runOnlyForDeploymentPostprocessing = 0;
		};
/* End PBXResourcesBuildPhase section */

/* Begin PBXSourcesBuildPhase section */
		6A8D21FC27FAEA22002AC898 /* Sources */ = {
			isa = PBXSourcesBuildPhase;
			buildActionMask = 2147483647;
			files = (
				6A03230E28061C61000B1B21 /* ConfirmAddTaskPopup.swift in Sources */,
				6A59F8B3280FFC8700706B98 /* Note+CoreDataClass.swift in Sources */,
				6ADBDD2027FF02D400EFF647 /* TempTaskStepNote.swift in Sources */,
				6A59F8B82817DCA300706B98 /* History.swift in Sources */,
				6AF9D7F127FEF4F300CEB68A /* HomeHeaderView.swift in Sources */,
				6A59F8B4280FFC8700706B98 /* Note+CoreDataProperties.swift in Sources */,
				6A032312280834DD000B1B21 /* ConfirmDeletePopup.swift in Sources */,
				EF05519D281AC1FB00DEACB9 /* DrawerMenuToggleButton.swift in Sources */,
				6A4E5135280EC3FE005C1664 /* NoteView.swift in Sources */,
				6A0323142808A477000B1B21 /* EditStepPopup.swift in Sources */,
				6A92FA54280E8EBA0005A010 /* AddLocationView.swift in Sources */,
				6AA903CF2811341B00FF4214 /* MapView.swift in Sources */,
				6A0323092804729E000B1B21 /* ContentView.swift in Sources */,
				6AA903D62817FF0100FF4214 /* CustomAnnotation.swift in Sources */,
				6ADBDD2227FF082000EFF647 /* HomeFooterView.swift in Sources */,
				6AA132AB281AEF6300875C7F /* HomeButton.swift in Sources */,
				6A59F8B6281692DD00706B98 /* ModifyNoteView.swift in Sources */,
				6AA903C2280546D200FF4214 /* Profile.swift in Sources */,
				6AF9D7ED27FEF49B00CEB68A /* Home.swift in Sources */,
				6A59F8AC280EA6F000706B98 /* UpcomingTaskRow.swift in Sources */,
				6AD7D39E27FF053B00B657B4 /* Task+CoreDataClass.swift in Sources */,
				6AD7D39527FE278E00B657B4 /* AddTaskView.swift in Sources */,
				6A59F8BB2817EAFA00706B98 /* HistoryTaskRow.swift in Sources */,
				6AD7D3A4280382F300B657B4 /* AddStepPopup.swift in Sources */,
				EF05519B281ABFF200DEACB9 /* DrawerMenuState.swift in Sources */,
				6AD7D39F27FF053B00B657B4 /* Task+CoreDataProperties.swift in Sources */,
				6A0B672728103BD000992CE6 /* DrawerMenuView.swift in Sources */,
				6AD7D3A22800319C00B657B4 /* DatePickerPopup.swift in Sources */,
				6AA132AD281AEF9A00875C7F /* ProfileButton.swift in Sources */,
				6AF9D7ED27FEF49B00CEB68A /* Home.swift in Sources */,
				6A92FA5F280F166F0005A010 /* TaskLocation+CoreDataClass.swift in Sources */,
				6A0323062804718A000B1B21 /* DataController.swift in Sources */,
				6AA132AF281AEFF200875C7F /* HistoryButton.swift in Sources */,
				6A8D220427FAEA22002AC898 /* MemoApp.swift in Sources */,
				6A03231028082485000B1B21 /* StepView.swift in Sources */,
				6AA903D1281273B300FF4214 /* SlideUp.swift in Sources */,
				6AD7D39127FDB5E100B657B4 /* Step+CoreDataClass.swift in Sources */,
				6A59F8A22806D95300706B98 /* QuoteApi.swift in Sources */,
				EF05519F281AC31400DEACB9 /* DrawerMenuContainer.swift in Sources */,
				6A59F8AA280C5EC900706B98 /* TaskRow.swift in Sources */,
				6A4E5137280EC52F005C1664 /* AddNoteView.swift in Sources */,
				6A8D221027FAEA29002AC898 /* Memo.xcdatamodeld in Sources */,
				6AA903C928112E2400FF4214 /* Tasks.swift in Sources */,
				6AA903C4280547A400FF4214 /* ProfileView.swift in Sources */,
				6AD7D39227FDB5E100B657B4 /* Step+CoreDataProperties.swift in Sources */,
				6A92FA63281808440005A010 /* AddLocationMapView.swift in Sources */,
				6A92FA60280F166F0005A010 /* TaskLocation+CoreDataProperties.swift in Sources */,
			);
			runOnlyForDeploymentPostprocessing = 0;
		};
		6A8D221127FAEA29002AC898 /* Sources */ = {
			isa = PBXSourcesBuildPhase;
			buildActionMask = 2147483647;
			files = (
				6A8D221A27FAEA29002AC898 /* MemoTests.swift in Sources */,
			);
			runOnlyForDeploymentPostprocessing = 0;
		};
		6A8D221B27FAEA29002AC898 /* Sources */ = {
			isa = PBXSourcesBuildPhase;
			buildActionMask = 2147483647;
			files = (
				6A8D222627FAEA29002AC898 /* MemoUITestsLaunchTests.swift in Sources */,
				6A8D222427FAEA29002AC898 /* MemoUITests.swift in Sources */,
			);
			runOnlyForDeploymentPostprocessing = 0;
		};
/* End PBXSourcesBuildPhase section */

/* Begin PBXTargetDependency section */
		6A8D221727FAEA29002AC898 /* PBXTargetDependency */ = {
			isa = PBXTargetDependency;
			target = 6A8D21FF27FAEA22002AC898 /* Memo */;
			targetProxy = 6A8D221627FAEA29002AC898 /* PBXContainerItemProxy */;
		};
		6A8D222127FAEA29002AC898 /* PBXTargetDependency */ = {
			isa = PBXTargetDependency;
			target = 6A8D21FF27FAEA22002AC898 /* Memo */;
			targetProxy = 6A8D222027FAEA29002AC898 /* PBXContainerItemProxy */;
		};
/* End PBXTargetDependency section */

/* Begin XCBuildConfiguration section */
		6A8D222727FAEA29002AC898 /* Debug */ = {
			isa = XCBuildConfiguration;
			buildSettings = {
				ALWAYS_SEARCH_USER_PATHS = NO;
				CLANG_ANALYZER_NONNULL = YES;
				CLANG_ANALYZER_NUMBER_OBJECT_CONVERSION = YES_AGGRESSIVE;
				CLANG_CXX_LANGUAGE_STANDARD = "gnu++17";
				CLANG_CXX_LIBRARY = "libc++";
				CLANG_ENABLE_MODULES = YES;
				CLANG_ENABLE_OBJC_ARC = YES;
				CLANG_ENABLE_OBJC_WEAK = YES;
				CLANG_WARN_BLOCK_CAPTURE_AUTORELEASING = YES;
				CLANG_WARN_BOOL_CONVERSION = YES;
				CLANG_WARN_COMMA = YES;
				CLANG_WARN_CONSTANT_CONVERSION = YES;
				CLANG_WARN_DEPRECATED_OBJC_IMPLEMENTATIONS = YES;
				CLANG_WARN_DIRECT_OBJC_ISA_USAGE = YES_ERROR;
				CLANG_WARN_DOCUMENTATION_COMMENTS = YES;
				CLANG_WARN_EMPTY_BODY = YES;
				CLANG_WARN_ENUM_CONVERSION = YES;
				CLANG_WARN_INFINITE_RECURSION = YES;
				CLANG_WARN_INT_CONVERSION = YES;
				CLANG_WARN_NON_LITERAL_NULL_CONVERSION = YES;
				CLANG_WARN_OBJC_IMPLICIT_RETAIN_SELF = YES;
				CLANG_WARN_OBJC_LITERAL_CONVERSION = YES;
				CLANG_WARN_OBJC_ROOT_CLASS = YES_ERROR;
				CLANG_WARN_QUOTED_INCLUDE_IN_FRAMEWORK_HEADER = YES;
				CLANG_WARN_RANGE_LOOP_ANALYSIS = YES;
				CLANG_WARN_STRICT_PROTOTYPES = YES;
				CLANG_WARN_SUSPICIOUS_MOVE = YES;
				CLANG_WARN_UNGUARDED_AVAILABILITY = YES_AGGRESSIVE;
				CLANG_WARN_UNREACHABLE_CODE = YES;
				CLANG_WARN__DUPLICATE_METHOD_MATCH = YES;
				COPY_PHASE_STRIP = NO;
				DEBUG_INFORMATION_FORMAT = dwarf;
				ENABLE_STRICT_OBJC_MSGSEND = YES;
				ENABLE_TESTABILITY = YES;
				GCC_C_LANGUAGE_STANDARD = gnu11;
				GCC_DYNAMIC_NO_PIC = NO;
				GCC_NO_COMMON_BLOCKS = YES;
				GCC_OPTIMIZATION_LEVEL = 0;
				GCC_PREPROCESSOR_DEFINITIONS = (
					"DEBUG=1",
					"$(inherited)",
				);
				GCC_WARN_64_TO_32_BIT_CONVERSION = YES;
				GCC_WARN_ABOUT_RETURN_TYPE = YES_ERROR;
				GCC_WARN_UNDECLARED_SELECTOR = YES;
				GCC_WARN_UNINITIALIZED_AUTOS = YES_AGGRESSIVE;
				GCC_WARN_UNUSED_FUNCTION = YES;
				GCC_WARN_UNUSED_VARIABLE = YES;
				IPHONEOS_DEPLOYMENT_TARGET = 15.2;
				MTL_ENABLE_DEBUG_INFO = INCLUDE_SOURCE;
				MTL_FAST_MATH = YES;
				ONLY_ACTIVE_ARCH = YES;
				SDKROOT = iphoneos;
				SWIFT_ACTIVE_COMPILATION_CONDITIONS = DEBUG;
				SWIFT_OPTIMIZATION_LEVEL = "-Onone";
			};
			name = Debug;
		};
		6A8D222827FAEA29002AC898 /* Release */ = {
			isa = XCBuildConfiguration;
			buildSettings = {
				ALWAYS_SEARCH_USER_PATHS = NO;
				CLANG_ANALYZER_NONNULL = YES;
				CLANG_ANALYZER_NUMBER_OBJECT_CONVERSION = YES_AGGRESSIVE;
				CLANG_CXX_LANGUAGE_STANDARD = "gnu++17";
				CLANG_CXX_LIBRARY = "libc++";
				CLANG_ENABLE_MODULES = YES;
				CLANG_ENABLE_OBJC_ARC = YES;
				CLANG_ENABLE_OBJC_WEAK = YES;
				CLANG_WARN_BLOCK_CAPTURE_AUTORELEASING = YES;
				CLANG_WARN_BOOL_CONVERSION = YES;
				CLANG_WARN_COMMA = YES;
				CLANG_WARN_CONSTANT_CONVERSION = YES;
				CLANG_WARN_DEPRECATED_OBJC_IMPLEMENTATIONS = YES;
				CLANG_WARN_DIRECT_OBJC_ISA_USAGE = YES_ERROR;
				CLANG_WARN_DOCUMENTATION_COMMENTS = YES;
				CLANG_WARN_EMPTY_BODY = YES;
				CLANG_WARN_ENUM_CONVERSION = YES;
				CLANG_WARN_INFINITE_RECURSION = YES;
				CLANG_WARN_INT_CONVERSION = YES;
				CLANG_WARN_NON_LITERAL_NULL_CONVERSION = YES;
				CLANG_WARN_OBJC_IMPLICIT_RETAIN_SELF = YES;
				CLANG_WARN_OBJC_LITERAL_CONVERSION = YES;
				CLANG_WARN_OBJC_ROOT_CLASS = YES_ERROR;
				CLANG_WARN_QUOTED_INCLUDE_IN_FRAMEWORK_HEADER = YES;
				CLANG_WARN_RANGE_LOOP_ANALYSIS = YES;
				CLANG_WARN_STRICT_PROTOTYPES = YES;
				CLANG_WARN_SUSPICIOUS_MOVE = YES;
				CLANG_WARN_UNGUARDED_AVAILABILITY = YES_AGGRESSIVE;
				CLANG_WARN_UNREACHABLE_CODE = YES;
				CLANG_WARN__DUPLICATE_METHOD_MATCH = YES;
				COPY_PHASE_STRIP = NO;
				DEBUG_INFORMATION_FORMAT = "dwarf-with-dsym";
				ENABLE_NS_ASSERTIONS = NO;
				ENABLE_STRICT_OBJC_MSGSEND = YES;
				GCC_C_LANGUAGE_STANDARD = gnu11;
				GCC_NO_COMMON_BLOCKS = YES;
				GCC_WARN_64_TO_32_BIT_CONVERSION = YES;
				GCC_WARN_ABOUT_RETURN_TYPE = YES_ERROR;
				GCC_WARN_UNDECLARED_SELECTOR = YES;
				GCC_WARN_UNINITIALIZED_AUTOS = YES_AGGRESSIVE;
				GCC_WARN_UNUSED_FUNCTION = YES;
				GCC_WARN_UNUSED_VARIABLE = YES;
				IPHONEOS_DEPLOYMENT_TARGET = 15.2;
				MTL_ENABLE_DEBUG_INFO = NO;
				MTL_FAST_MATH = YES;
				SDKROOT = iphoneos;
				SWIFT_COMPILATION_MODE = wholemodule;
				SWIFT_OPTIMIZATION_LEVEL = "-O";
				VALIDATE_PRODUCT = YES;
			};
			name = Release;
		};
		6A8D222A27FAEA29002AC898 /* Debug */ = {
			isa = XCBuildConfiguration;
			buildSettings = {
				ASSETCATALOG_COMPILER_APPICON_NAME = AppIcon;
				ASSETCATALOG_COMPILER_GLOBAL_ACCENT_COLOR_NAME = AccentColor;
				CODE_SIGN_STYLE = Automatic;
				CURRENT_PROJECT_VERSION = 1;
				DEVELOPMENT_ASSET_PATHS = "\"Memo/Preview Content\"";
				ENABLE_PREVIEWS = YES;
				GENERATE_INFOPLIST_FILE = YES;
				INFOPLIST_FILE = Memo/Info.plist;
				INFOPLIST_KEY_NSFaceIDUsageDescription = "Please authenticate yourself before viewing sensitive notes";
				INFOPLIST_KEY_NSLocationWhenInUseUsageDescription = "This app needs your location to show it on the map";
				INFOPLIST_KEY_UIApplicationSceneManifest_Generation = YES;
				INFOPLIST_KEY_UIApplicationSupportsIndirectInputEvents = YES;
				INFOPLIST_KEY_UILaunchScreen_Generation = YES;
				INFOPLIST_KEY_UISupportedInterfaceOrientations_iPad = "UIInterfaceOrientationPortrait UIInterfaceOrientationPortraitUpsideDown UIInterfaceOrientationLandscapeLeft UIInterfaceOrientationLandscapeRight";
				INFOPLIST_KEY_UISupportedInterfaceOrientations_iPhone = "UIInterfaceOrientationPortrait UIInterfaceOrientationLandscapeLeft UIInterfaceOrientationLandscapeRight";
				LD_RUNPATH_SEARCH_PATHS = (
					"$(inherited)",
					"@executable_path/Frameworks",
				);
				MARKETING_VERSION = 1.0;
				PRODUCT_BUNDLE_IDENTIFIER = "memo-team.Memo";
				PRODUCT_NAME = "$(TARGET_NAME)";
				SWIFT_EMIT_LOC_STRINGS = YES;
				SWIFT_VERSION = 5.0;
				TARGETED_DEVICE_FAMILY = "1,2";
			};
			name = Debug;
		};
		6A8D222B27FAEA29002AC898 /* Release */ = {
			isa = XCBuildConfiguration;
			buildSettings = {
				ASSETCATALOG_COMPILER_APPICON_NAME = AppIcon;
				ASSETCATALOG_COMPILER_GLOBAL_ACCENT_COLOR_NAME = AccentColor;
				CODE_SIGN_STYLE = Automatic;
				CURRENT_PROJECT_VERSION = 1;
				DEVELOPMENT_ASSET_PATHS = "\"Memo/Preview Content\"";
				ENABLE_PREVIEWS = YES;
				GENERATE_INFOPLIST_FILE = YES;
				INFOPLIST_FILE = Memo/Info.plist;
				INFOPLIST_KEY_NSFaceIDUsageDescription = "Please authenticate yourself before viewing sensitive notes";
				INFOPLIST_KEY_NSLocationWhenInUseUsageDescription = "This app needs your location to show it on the map";
				INFOPLIST_KEY_UIApplicationSceneManifest_Generation = YES;
				INFOPLIST_KEY_UIApplicationSupportsIndirectInputEvents = YES;
				INFOPLIST_KEY_UILaunchScreen_Generation = YES;
				INFOPLIST_KEY_UISupportedInterfaceOrientations_iPad = "UIInterfaceOrientationPortrait UIInterfaceOrientationPortraitUpsideDown UIInterfaceOrientationLandscapeLeft UIInterfaceOrientationLandscapeRight";
				INFOPLIST_KEY_UISupportedInterfaceOrientations_iPhone = "UIInterfaceOrientationPortrait UIInterfaceOrientationLandscapeLeft UIInterfaceOrientationLandscapeRight";
				LD_RUNPATH_SEARCH_PATHS = (
					"$(inherited)",
					"@executable_path/Frameworks",
				);
				MARKETING_VERSION = 1.0;
				PRODUCT_BUNDLE_IDENTIFIER = "memo-team.Memo";
				PRODUCT_NAME = "$(TARGET_NAME)";
				SWIFT_EMIT_LOC_STRINGS = YES;
				SWIFT_VERSION = 5.0;
				TARGETED_DEVICE_FAMILY = "1,2";
			};
			name = Release;
		};
		6A8D222D27FAEA29002AC898 /* Debug */ = {
			isa = XCBuildConfiguration;
			buildSettings = {
				ALWAYS_EMBED_SWIFT_STANDARD_LIBRARIES = YES;
				BUNDLE_LOADER = "$(TEST_HOST)";
				CODE_SIGN_STYLE = Automatic;
				CURRENT_PROJECT_VERSION = 1;
				GENERATE_INFOPLIST_FILE = YES;
				IPHONEOS_DEPLOYMENT_TARGET = 15.2;
				MARKETING_VERSION = 1.0;
				PRODUCT_BUNDLE_IDENTIFIER = "memo-team.MemoTests";
				PRODUCT_NAME = "$(TARGET_NAME)";
				SWIFT_EMIT_LOC_STRINGS = NO;
				SWIFT_VERSION = 5.0;
				TARGETED_DEVICE_FAMILY = "1,2";
				TEST_HOST = "$(BUILT_PRODUCTS_DIR)/Memo.app/Memo";
			};
			name = Debug;
		};
		6A8D222E27FAEA29002AC898 /* Release */ = {
			isa = XCBuildConfiguration;
			buildSettings = {
				ALWAYS_EMBED_SWIFT_STANDARD_LIBRARIES = YES;
				BUNDLE_LOADER = "$(TEST_HOST)";
				CODE_SIGN_STYLE = Automatic;
				CURRENT_PROJECT_VERSION = 1;
				GENERATE_INFOPLIST_FILE = YES;
				IPHONEOS_DEPLOYMENT_TARGET = 15.2;
				MARKETING_VERSION = 1.0;
				PRODUCT_BUNDLE_IDENTIFIER = "memo-team.MemoTests";
				PRODUCT_NAME = "$(TARGET_NAME)";
				SWIFT_EMIT_LOC_STRINGS = NO;
				SWIFT_VERSION = 5.0;
				TARGETED_DEVICE_FAMILY = "1,2";
				TEST_HOST = "$(BUILT_PRODUCTS_DIR)/Memo.app/Memo";
			};
			name = Release;
		};
		6A8D223027FAEA29002AC898 /* Debug */ = {
			isa = XCBuildConfiguration;
			buildSettings = {
				ALWAYS_EMBED_SWIFT_STANDARD_LIBRARIES = YES;
				CODE_SIGN_STYLE = Automatic;
				CURRENT_PROJECT_VERSION = 1;
				GENERATE_INFOPLIST_FILE = YES;
				MARKETING_VERSION = 1.0;
				PRODUCT_BUNDLE_IDENTIFIER = "memo-team.MemoUITests";
				PRODUCT_NAME = "$(TARGET_NAME)";
				SWIFT_EMIT_LOC_STRINGS = NO;
				SWIFT_VERSION = 5.0;
				TARGETED_DEVICE_FAMILY = "1,2";
				TEST_TARGET_NAME = Memo;
			};
			name = Debug;
		};
		6A8D223127FAEA29002AC898 /* Release */ = {
			isa = XCBuildConfiguration;
			buildSettings = {
				ALWAYS_EMBED_SWIFT_STANDARD_LIBRARIES = YES;
				CODE_SIGN_STYLE = Automatic;
				CURRENT_PROJECT_VERSION = 1;
				GENERATE_INFOPLIST_FILE = YES;
				MARKETING_VERSION = 1.0;
				PRODUCT_BUNDLE_IDENTIFIER = "memo-team.MemoUITests";
				PRODUCT_NAME = "$(TARGET_NAME)";
				SWIFT_EMIT_LOC_STRINGS = NO;
				SWIFT_VERSION = 5.0;
				TARGETED_DEVICE_FAMILY = "1,2";
				TEST_TARGET_NAME = Memo;
			};
			name = Release;
		};
/* End XCBuildConfiguration section */

/* Begin XCConfigurationList section */
		6A8D21FB27FAEA22002AC898 /* Build configuration list for PBXProject "Memo" */ = {
			isa = XCConfigurationList;
			buildConfigurations = (
				6A8D222727FAEA29002AC898 /* Debug */,
				6A8D222827FAEA29002AC898 /* Release */,
			);
			defaultConfigurationIsVisible = 0;
			defaultConfigurationName = Release;
		};
		6A8D222927FAEA29002AC898 /* Build configuration list for PBXNativeTarget "Memo" */ = {
			isa = XCConfigurationList;
			buildConfigurations = (
				6A8D222A27FAEA29002AC898 /* Debug */,
				6A8D222B27FAEA29002AC898 /* Release */,
			);
			defaultConfigurationIsVisible = 0;
			defaultConfigurationName = Release;
		};
		6A8D222C27FAEA29002AC898 /* Build configuration list for PBXNativeTarget "MemoTests" */ = {
			isa = XCConfigurationList;
			buildConfigurations = (
				6A8D222D27FAEA29002AC898 /* Debug */,
				6A8D222E27FAEA29002AC898 /* Release */,
			);
			defaultConfigurationIsVisible = 0;
			defaultConfigurationName = Release;
		};
		6A8D222F27FAEA29002AC898 /* Build configuration list for PBXNativeTarget "MemoUITests" */ = {
			isa = XCConfigurationList;
			buildConfigurations = (
				6A8D223027FAEA29002AC898 /* Debug */,
				6A8D223127FAEA29002AC898 /* Release */,
			);
			defaultConfigurationIsVisible = 0;
			defaultConfigurationName = Release;
		};
/* End XCConfigurationList section */

/* Begin XCRemoteSwiftPackageReference section */
		6A59F8A32806DA4100706B98 /* XCRemoteSwiftPackageReference "SwiftyJSON" */ = {
			isa = XCRemoteSwiftPackageReference;
			repositoryURL = "https://github.com/SwiftyJSON/SwiftyJSON";
			requirement = {
				kind = upToNextMajorVersion;
				minimumVersion = 5.0.0;
			};
		};
		6A59F8A62806E08800706B98 /* XCRemoteSwiftPackageReference "Alamofire" */ = {
			isa = XCRemoteSwiftPackageReference;
			repositoryURL = "https://github.com/Alamofire/Alamofire";
			requirement = {
				kind = upToNextMajorVersion;
				minimumVersion = 5.0.0;
			};
		};
/* End XCRemoteSwiftPackageReference section */

/* Begin XCSwiftPackageProductDependency section */
		6A59F8A42806DA4100706B98 /* SwiftyJSON */ = {
			isa = XCSwiftPackageProductDependency;
			package = 6A59F8A32806DA4100706B98 /* XCRemoteSwiftPackageReference "SwiftyJSON" */;
			productName = SwiftyJSON;
		};
		6A59F8A72806E08800706B98 /* Alamofire */ = {
			isa = XCSwiftPackageProductDependency;
			package = 6A59F8A62806E08800706B98 /* XCRemoteSwiftPackageReference "Alamofire" */;
			productName = Alamofire;
		};
/* End XCSwiftPackageProductDependency section */

/* Begin XCVersionGroup section */
		6A8D220E27FAEA29002AC898 /* Memo.xcdatamodeld */ = {
			isa = XCVersionGroup;
			children = (
				6A8D220F27FAEA29002AC898 /* Memo.xcdatamodel */,
			);
			currentVersion = 6A8D220F27FAEA29002AC898 /* Memo.xcdatamodel */;
			path = Memo.xcdatamodeld;
			sourceTree = "<group>";
			versionGroupType = wrapper.xcdatamodel;
		};
/* End XCVersionGroup section */
	};
	rootObject = 6A8D21F827FAEA22002AC898 /* Project object */;
}
