// !$*UTF8*$!
{
	archiveVersion = 1;
	classes = {
	};
	objectVersion = 55;
	objects = {

/* Begin PBXBuildFile section */
		6A809C3927FB794A0065A427 /* DataController.swift in Sources */ = {isa = PBXBuildFile; fileRef = 6A809C3827FB794A0065A427 /* DataController.swift */; };
		6A8D220427FAEA22002AC898 /* MemoApp.swift in Sources */ = {isa = PBXBuildFile; fileRef = 6A8D220327FAEA22002AC898 /* MemoApp.swift */; };
		6A8D220627FAEA22002AC898 /* ContentView.swift in Sources */ = {isa = PBXBuildFile; fileRef = 6A8D220527FAEA22002AC898 /* ContentView.swift */; };
		6A8D220827FAEA29002AC898 /* Assets.xcassets in Resources */ = {isa = PBXBuildFile; fileRef = 6A8D220727FAEA29002AC898 /* Assets.xcassets */; };
		6A8D220B27FAEA29002AC898 /* Preview Assets.xcassets in Resources */ = {isa = PBXBuildFile; fileRef = 6A8D220A27FAEA29002AC898 /* Preview Assets.xcassets */; };
		6A8D221027FAEA29002AC898 /* Memo.xcdatamodeld in Sources */ = {isa = PBXBuildFile; fileRef = 6A8D220E27FAEA29002AC898 /* Memo.xcdatamodeld */; };
		6A8D221A27FAEA29002AC898 /* MemoTests.swift in Sources */ = {isa = PBXBuildFile; fileRef = 6A8D221927FAEA29002AC898 /* MemoTests.swift */; };
		6A8D222427FAEA29002AC898 /* MemoUITests.swift in Sources */ = {isa = PBXBuildFile; fileRef = 6A8D222327FAEA29002AC898 /* MemoUITests.swift */; };
		6A8D222627FAEA29002AC898 /* MemoUITestsLaunchTests.swift in Sources */ = {isa = PBXBuildFile; fileRef = 6A8D222527FAEA29002AC898 /* MemoUITestsLaunchTests.swift */; };
/* End PBXBuildFile section */

/* Begin PBXContainerItemProxy section */
		6A8D221627FAEA29002AC898 /* PBXContainerItemProxy */ = {
			isa = PBXContainerItemProxy;
			containerPortal = 6A8D21F827FAEA22002AC898 /* Project object */;
			proxyType = 1;
			remoteGlobalIDString = 6A8D21FF27FAEA22002AC898;
			remoteInfo = Memo;
		};
		6A8D222027FAEA29002AC898 /* PBXContainerItemProxy */ = {
			isa = PBXContainerItemProxy;
			containerPortal = 6A8D21F827FAEA22002AC898 /* Project object */;
			proxyType = 1;
			remoteGlobalIDString = 6A8D21FF27FAEA22002AC898;
			remoteInfo = Memo;
		};
/* End PBXContainerItemProxy section */

/* Begin PBXFileReference section */
		6A809C3827FB794A0065A427 /* DataController.swift */ = {isa = PBXFileReference; lastKnownFileType = sourcecode.swift; path = DataController.swift; sourceTree = "<group>"; };
		6A8D220027FAEA22002AC898 /* Memo.app */ = {isa = PBXFileReference; explicitFileType = wrapper.application; includeInIndex = 0; path = Memo.app; sourceTree = BUILT_PRODUCTS_DIR; };
		6A8D220327FAEA22002AC898 /* MemoApp.swift */ = {isa = PBXFileReference; lastKnownFileType = sourcecode.swift; path = MemoApp.swift; sourceTree = "<group>"; };
		6A8D220527FAEA22002AC898 /* ContentView.swift */ = {isa = PBXFileReference; lastKnownFileType = sourcecode.swift; path = ContentView.swift; sourceTree = "<group>"; };
		6A8D220727FAEA29002AC898 /* Assets.xcassets */ = {isa = PBXFileReference; lastKnownFileType = folder.assetcatalog; path = Assets.xcassets; sourceTree = "<group>"; };
		6A8D220A27FAEA29002AC898 /* Preview Assets.xcassets */ = {isa = PBXFileReference; lastKnownFileType = folder.assetcatalog; path = "Preview Assets.xcassets"; sourceTree = "<group>"; };
		6A8D220F27FAEA29002AC898 /* Memo.xcdatamodel */ = {isa = PBXFileReference; lastKnownFileType = wrapper.xcdatamodel; path = Memo.xcdatamodel; sourceTree = "<group>"; };
		6A8D221527FAEA29002AC898 /* MemoTests.xctest */ = {isa = PBXFileReference; explicitFileType = wrapper.cfbundle; includeInIndex = 0; path = MemoTests.xctest; sourceTree = BUILT_PRODUCTS_DIR; };
		6A8D221927FAEA29002AC898 /* MemoTests.swift */ = {isa = PBXFileReference; lastKnownFileType = sourcecode.swift; path = MemoTests.swift; sourceTree = "<group>"; };
		6A8D221F27FAEA29002AC898 /* MemoUITests.xctest */ = {isa = PBXFileReference; explicitFileType = wrapper.cfbundle; includeInIndex = 0; path = MemoUITests.xctest; sourceTree = BUILT_PRODUCTS_DIR; };
		6A8D222327FAEA29002AC898 /* MemoUITests.swift */ = {isa = PBXFileReference; lastKnownFileType = sourcecode.swift; path = MemoUITests.swift; sourceTree = "<group>"; };
		6A8D222527FAEA29002AC898 /* MemoUITestsLaunchTests.swift */ = {isa = PBXFileReference; lastKnownFileType = sourcecode.swift; path = MemoUITestsLaunchTests.swift; sourceTree = "<group>"; };
/* End PBXFileReference section */

/* Begin PBXFrameworksBuildPhase section */
		6A8D21FD27FAEA22002AC898 /* Frameworks */ = {
			isa = PBXFrameworksBuildPhase;
			buildActionMask = 2147483647;
			files = (
			);
			runOnlyForDeploymentPostprocessing = 0;
		};
		6A8D221227FAEA29002AC898 /* Frameworks */ = {
			isa = PBXFrameworksBuildPhase;
			buildActionMask = 2147483647;
			files = (
			);
			runOnlyForDeploymentPostprocessing = 0;
		};
		6A8D221C27FAEA29002AC898 /* Frameworks */ = {
			isa = PBXFrameworksBuildPhase;
			buildActionMask = 2147483647;
			files = (
			);
			runOnlyForDeploymentPostprocessing = 0;
		};
/* End PBXFrameworksBuildPhase section */

/* Begin PBXGroup section */
		6A8D21F727FAEA22002AC898 = {
			isa = PBXGroup;
			children = (
				6A8D220227FAEA22002AC898 /* Memo */,
				6A8D221827FAEA29002AC898 /* MemoTests */,
				6A8D222227FAEA29002AC898 /* MemoUITests */,
				6A8D220127FAEA22002AC898 /* Products */,
			);
			sourceTree = "<group>";
		};
		6A8D220127FAEA22002AC898 /* Products */ = {
			isa = PBXGroup;
			children = (
				6A8D220027FAEA22002AC898 /* Memo.app */,
				6A8D221527FAEA29002AC898 /* MemoTests.xctest */,
				6A8D221F27FAEA29002AC898 /* MemoUITests.xctest */,
			);
			name = Products;
			sourceTree = "<group>";
		};
		6A8D220227FAEA22002AC898 /* Memo */ = {
			isa = PBXGroup;
			children = (
				6A8D220327FAEA22002AC898 /* MemoApp.swift */,
				6A8D220527FAEA22002AC898 /* ContentView.swift */,
				6A8D220727FAEA29002AC898 /* Assets.xcassets */,
				6A8D220E27FAEA29002AC898 /* Memo.xcdatamodeld */,
				6A809C3827FB794A0065A427 /* DataController.swift */,
				6A8D220927FAEA29002AC898 /* Preview Content */,
			);
			path = Memo;
			sourceTree = "<group>";
		};
		6A8D220927FAEA29002AC898 /* Preview Content */ = {
			isa = PBXGroup;
			children = (
				6A8D220A27FAEA29002AC898 /* Preview Assets.xcassets */,
			);
			path = "Preview Content";
			sourceTree = "<group>";
		};
		6A8D221827FAEA29002AC898 /* MemoTests */ = {
			isa = PBXGroup;
			children = (
				6A8D221927FAEA29002AC898 /* MemoTests.swift */,
			);
			path = MemoTests;
			sourceTree = "<group>";
		};
		6A8D222227FAEA29002AC898 /* MemoUITests */ = {
			isa = PBXGroup;
			children = (
				6A8D222327FAEA29002AC898 /* MemoUITests.swift */,
				6A8D222527FAEA29002AC898 /* MemoUITestsLaunchTests.swift */,
			);
			path = MemoUITests;
			sourceTree = "<group>";
		};
/* End PBXGroup section */

/* Begin PBXNativeTarget section */
		6A8D21FF27FAEA22002AC898 /* Memo */ = {
			isa = PBXNativeTarget;
			buildConfigurationList = 6A8D222927FAEA29002AC898 /* Build configuration list for PBXNativeTarget "Memo" */;
			buildPhases = (
				6A8D21FC27FAEA22002AC898 /* Sources */,
				6A8D21FD27FAEA22002AC898 /* Frameworks */,
				6A8D21FE27FAEA22002AC898 /* Resources */,
			);
			buildRules = (
			);
			dependencies = (
			);
			name = Memo;
			productName = Memo;
			productReference = 6A8D220027FAEA22002AC898 /* Memo.app */;
			productType = "com.apple.product-type.application";
		};
		6A8D221427FAEA29002AC898 /* MemoTests */ = {
			isa = PBXNativeTarget;
			buildConfigurationList = 6A8D222C27FAEA29002AC898 /* Build configuration list for PBXNativeTarget "MemoTests" */;
			buildPhases = (
				6A8D221127FAEA29002AC898 /* Sources */,
				6A8D221227FAEA29002AC898 /* Frameworks */,
				6A8D221327FAEA29002AC898 /* Resources */,
			);
			buildRules = (
			);
			dependencies = (
				6A8D221727FAEA29002AC898 /* PBXTargetDependency */,
			);
			name = MemoTests;
			productName = MemoTests;
			productReference = 6A8D221527FAEA29002AC898 /* MemoTests.xctest */;
			productType = "com.apple.product-type.bundle.unit-test";
		};
		6A8D221E27FAEA29002AC898 /* MemoUITests */ = {
			isa = PBXNativeTarget;
			buildConfigurationList = 6A8D222F27FAEA29002AC898 /* Build configuration list for PBXNativeTarget "MemoUITests" */;
			buildPhases = (
				6A8D221B27FAEA29002AC898 /* Sources */,
				6A8D221C27FAEA29002AC898 /* Frameworks */,
				6A8D221D27FAEA29002AC898 /* Resources */,
			);
			buildRules = (
			);
			dependencies = (
				6A8D222127FAEA29002AC898 /* PBXTargetDependency */,
			);
			name = MemoUITests;
			productName = MemoUITests;
			productReference = 6A8D221F27FAEA29002AC898 /* MemoUITests.xctest */;
			productType = "com.apple.product-type.bundle.ui-testing";
		};
/* End PBXNativeTarget section */

/* Begin PBXProject section */
		6A8D21F827FAEA22002AC898 /* Project object */ = {
			isa = PBXProject;
			attributes = {
				BuildIndependentTargetsInParallel = 1;
				LastSwiftUpdateCheck = 1320;
				LastUpgradeCheck = 1320;
				TargetAttributes = {
					6A8D21FF27FAEA22002AC898 = {
						CreatedOnToolsVersion = 13.2.1;
					};
					6A8D221427FAEA29002AC898 = {
						CreatedOnToolsVersion = 13.2.1;
						TestTargetID = 6A8D21FF27FAEA22002AC898;
					};
					6A8D221E27FAEA29002AC898 = {
						CreatedOnToolsVersion = 13.2.1;
						TestTargetID = 6A8D21FF27FAEA22002AC898;
					};
				};
			};
			buildConfigurationList = 6A8D21FB27FAEA22002AC898 /* Build configuration list for PBXProject "Memo" */;
			compatibilityVersion = "Xcode 13.0";
			developmentRegion = en;
			hasScannedForEncodings = 0;
			knownRegions = (
				en,
				Base,
			);
			mainGroup = 6A8D21F727FAEA22002AC898;
			productRefGroup = 6A8D220127FAEA22002AC898 /* Products */;
			projectDirPath = "";
			projectRoot = "";
			targets = (
				6A8D21FF27FAEA22002AC898 /* Memo */,
				6A8D221427FAEA29002AC898 /* MemoTests */,
				6A8D221E27FAEA29002AC898 /* MemoUITests */,
			);
		};
/* End PBXProject section */

/* Begin PBXResourcesBuildPhase section */
		6A8D21FE27FAEA22002AC898 /* Resources */ = {
			isa = PBXResourcesBuildPhase;
			buildActionMask = 2147483647;
			files = (
				6A8D220B27FAEA29002AC898 /* Preview Assets.xcassets in Resources */,
				6A8D220827FAEA29002AC898 /* Assets.xcassets in Resources */,
			);
			runOnlyForDeploymentPostprocessing = 0;
		};
		6A8D221327FAEA29002AC898 /* Resources */ = {
			isa = PBXResourcesBuildPhase;
			buildActionMask = 2147483647;
			files = (
			);
			runOnlyForDeploymentPostprocessing = 0;
		};
		6A8D221D27FAEA29002AC898 /* Resources */ = {
			isa = PBXResourcesBuildPhase;
			buildActionMask = 2147483647;
			files = (
			);
			runOnlyForDeploymentPostprocessing = 0;
		};
/* End PBXResourcesBuildPhase section */

/* Begin PBXSourcesBuildPhase section */
		6A8D21FC27FAEA22002AC898 /* Sources */ = {
			isa = PBXSourcesBuildPhase;
			buildActionMask = 2147483647;
			files = (
				6A809C3927FB794A0065A427 /* DataController.swift in Sources */,
				6A8D220627FAEA22002AC898 /* ContentView.swift in Sources */,
				6A8D220427FAEA22002AC898 /* MemoApp.swift in Sources */,
				6A8D221027FAEA29002AC898 /* Memo.xcdatamodeld in Sources */,
			);
			runOnlyForDeploymentPostprocessing = 0;
		};
		6A8D221127FAEA29002AC898 /* Sources */ = {
			isa = PBXSourcesBuildPhase;
			buildActionMask = 2147483647;
			files = (
				6A8D221A27FAEA29002AC898 /* MemoTests.swift in Sources */,
			);
			runOnlyForDeploymentPostprocessing = 0;
		};
		6A8D221B27FAEA29002AC898 /* Sources */ = {
			isa = PBXSourcesBuildPhase;
			buildActionMask = 2147483647;
			files = (
				6A8D222627FAEA29002AC898 /* MemoUITestsLaunchTests.swift in Sources */,
				6A8D222427FAEA29002AC898 /* MemoUITests.swift in Sources */,
			);
			runOnlyForDeploymentPostprocessing = 0;
		};
/* End PBXSourcesBuildPhase section */

/* Begin PBXTargetDependency section */
		6A8D221727FAEA29002AC898 /* PBXTargetDependency */ = {
			isa = PBXTargetDependency;
			target = 6A8D21FF27FAEA22002AC898 /* Memo */;
			targetProxy = 6A8D221627FAEA29002AC898 /* PBXContainerItemProxy */;
		};
		6A8D222127FAEA29002AC898 /* PBXTargetDependency */ = {
			isa = PBXTargetDependency;
			target = 6A8D21FF27FAEA22002AC898 /* Memo */;
			targetProxy = 6A8D222027FAEA29002AC898 /* PBXContainerItemProxy */;
		};
/* End PBXTargetDependency section */

/* Begin XCBuildConfiguration section */
		6A8D222727FAEA29002AC898 /* Debug */ = {
			isa = XCBuildConfiguration;
			buildSettings = {
				ALWAYS_SEARCH_USER_PATHS = NO;
				CLANG_ANALYZER_NONNULL = YES;
				CLANG_ANALYZER_NUMBER_OBJECT_CONVERSION = YES_AGGRESSIVE;
				CLANG_CXX_LANGUAGE_STANDARD = "gnu++17";
				CLANG_CXX_LIBRARY = "libc++";
				CLANG_ENABLE_MODULES = YES;
				CLANG_ENABLE_OBJC_ARC = YES;
				CLANG_ENABLE_OBJC_WEAK = YES;
				CLANG_WARN_BLOCK_CAPTURE_AUTORELEASING = YES;
				CLANG_WARN_BOOL_CONVERSION = YES;
				CLANG_WARN_COMMA = YES;
				CLANG_WARN_CONSTANT_CONVERSION = YES;
				CLANG_WARN_DEPRECATED_OBJC_IMPLEMENTATIONS = YES;
				CLANG_WARN_DIRECT_OBJC_ISA_USAGE = YES_ERROR;
				CLANG_WARN_DOCUMENTATION_COMMENTS = YES;
				CLANG_WARN_EMPTY_BODY = YES;
				CLANG_WARN_ENUM_CONVERSION = YES;
				CLANG_WARN_INFINITE_RECURSION = YES;
				CLANG_WARN_INT_CONVERSION = YES;
				CLANG_WARN_NON_LITERAL_NULL_CONVERSION = YES;
				CLANG_WARN_OBJC_IMPLICIT_RETAIN_SELF = YES;
				CLANG_WARN_OBJC_LITERAL_CONVERSION = YES;
				CLANG_WARN_OBJC_ROOT_CLASS = YES_ERROR;
				CLANG_WARN_QUOTED_INCLUDE_IN_FRAMEWORK_HEADER = YES;
				CLANG_WARN_RANGE_LOOP_ANALYSIS = YES;
				CLANG_WARN_STRICT_PROTOTYPES = YES;
				CLANG_WARN_SUSPICIOUS_MOVE = YES;
				CLANG_WARN_UNGUARDED_AVAILABILITY = YES_AGGRESSIVE;
				CLANG_WARN_UNREACHABLE_CODE = YES;
				CLANG_WARN__DUPLICATE_METHOD_MATCH = YES;
				COPY_PHASE_STRIP = NO;
				DEBUG_INFORMATION_FORMAT = dwarf;
				ENABLE_STRICT_OBJC_MSGSEND = YES;
				ENABLE_TESTABILITY = YES;
				GCC_C_LANGUAGE_STANDARD = gnu11;
				GCC_DYNAMIC_NO_PIC = NO;
				GCC_NO_COMMON_BLOCKS = YES;
				GCC_OPTIMIZATION_LEVEL = 0;
				GCC_PREPROCESSOR_DEFINITIONS = (
					"DEBUG=1",
					"$(inherited)",
				);
				GCC_WARN_64_TO_32_BIT_CONVERSION = YES;
				GCC_WARN_ABOUT_RETURN_TYPE = YES_ERROR;
				GCC_WARN_UNDECLARED_SELECTOR = YES;
				GCC_WARN_UNINITIALIZED_AUTOS = YES_AGGRESSIVE;
				GCC_WARN_UNUSED_FUNCTION = YES;
				GCC_WARN_UNUSED_VARIABLE = YES;
				IPHONEOS_DEPLOYMENT_TARGET = 15.2;
				MTL_ENABLE_DEBUG_INFO = INCLUDE_SOURCE;
				MTL_FAST_MATH = YES;
				ONLY_ACTIVE_ARCH = YES;
				SDKROOT = iphoneos;
				SWIFT_ACTIVE_COMPILATION_CONDITIONS = DEBUG;
				SWIFT_OPTIMIZATION_LEVEL = "-Onone";
			};
			name = Debug;
		};
		6A8D222827FAEA29002AC898 /* Release */ = {
			isa = XCBuildConfiguration;
			buildSettings = {
				ALWAYS_SEARCH_USER_PATHS = NO;
				CLANG_ANALYZER_NONNULL = YES;
				CLANG_ANALYZER_NUMBER_OBJECT_CONVERSION = YES_AGGRESSIVE;
				CLANG_CXX_LANGUAGE_STANDARD = "gnu++17";
				CLANG_CXX_LIBRARY = "libc++";
				CLANG_ENABLE_MODULES = YES;
				CLANG_ENABLE_OBJC_ARC = YES;
				CLANG_ENABLE_OBJC_WEAK = YES;
				CLANG_WARN_BLOCK_CAPTURE_AUTORELEASING = YES;
				CLANG_WARN_BOOL_CONVERSION = YES;
				CLANG_WARN_COMMA = YES;
				CLANG_WARN_CONSTANT_CONVERSION = YES;
				CLANG_WARN_DEPRECATED_OBJC_IMPLEMENTATIONS = YES;
				CLANG_WARN_DIRECT_OBJC_ISA_USAGE = YES_ERROR;
				CLANG_WARN_DOCUMENTATION_COMMENTS = YES;
				CLANG_WARN_EMPTY_BODY = YES;
				CLANG_WARN_ENUM_CONVERSION = YES;
				CLANG_WARN_INFINITE_RECURSION = YES;
				CLANG_WARN_INT_CONVERSION = YES;
				CLANG_WARN_NON_LITERAL_NULL_CONVERSION = YES;
				CLANG_WARN_OBJC_IMPLICIT_RETAIN_SELF = YES;
				CLANG_WARN_OBJC_LITERAL_CONVERSION = YES;
				CLANG_WARN_OBJC_ROOT_CLASS = YES_ERROR;
				CLANG_WARN_QUOTED_INCLUDE_IN_FRAMEWORK_HEADER = YES;
				CLANG_WARN_RANGE_LOOP_ANALYSIS = YES;
				CLANG_WARN_STRICT_PROTOTYPES = YES;
				CLANG_WARN_SUSPICIOUS_MOVE = YES;
				CLANG_WARN_UNGUARDED_AVAILABILITY = YES_AGGRESSIVE;
				CLANG_WARN_UNREACHABLE_CODE = YES;
				CLANG_WARN__DUPLICATE_METHOD_MATCH = YES;
				COPY_PHASE_STRIP = NO;
				DEBUG_INFORMATION_FORMAT = "dwarf-with-dsym";
				ENABLE_NS_ASSERTIONS = NO;
				ENABLE_STRICT_OBJC_MSGSEND = YES;
				GCC_C_LANGUAGE_STANDARD = gnu11;
				GCC_NO_COMMON_BLOCKS = YES;
				GCC_WARN_64_TO_32_BIT_CONVERSION = YES;
				GCC_WARN_ABOUT_RETURN_TYPE = YES_ERROR;
				GCC_WARN_UNDECLARED_SELECTOR = YES;
				GCC_WARN_UNINITIALIZED_AUTOS = YES_AGGRESSIVE;
				GCC_WARN_UNUSED_FUNCTION = YES;
				GCC_WARN_UNUSED_VARIABLE = YES;
				IPHONEOS_DEPLOYMENT_TARGET = 15.2;
				MTL_ENABLE_DEBUG_INFO = NO;
				MTL_FAST_MATH = YES;
				SDKROOT = iphoneos;
				SWIFT_COMPILATION_MODE = wholemodule;
				SWIFT_OPTIMIZATION_LEVEL = "-O";
				VALIDATE_PRODUCT = YES;
			};
			name = Release;
		};
		6A8D222A27FAEA29002AC898 /* Debug */ = {
			isa = XCBuildConfiguration;
			buildSettings = {
				ASSETCATALOG_COMPILER_APPICON_NAME = AppIcon;
				ASSETCATALOG_COMPILER_GLOBAL_ACCENT_COLOR_NAME = AccentColor;
				CODE_SIGN_STYLE = Automatic;
				CURRENT_PROJECT_VERSION = 1;
				DEVELOPMENT_ASSET_PATHS = "\"Memo/Preview Content\"";
				ENABLE_PREVIEWS = YES;
				GENERATE_INFOPLIST_FILE = YES;
				INFOPLIST_KEY_UIApplicationSceneManifest_Generation = YES;
				INFOPLIST_KEY_UIApplicationSupportsIndirectInputEvents = YES;
				INFOPLIST_KEY_UILaunchScreen_Generation = YES;
				INFOPLIST_KEY_UISupportedInterfaceOrientations_iPad = "UIInterfaceOrientationPortrait UIInterfaceOrientationPortraitUpsideDown UIInterfaceOrientationLandscapeLeft UIInterfaceOrientationLandscapeRight";
				INFOPLIST_KEY_UISupportedInterfaceOrientations_iPhone = "UIInterfaceOrientationPortrait UIInterfaceOrientationLandscapeLeft UIInterfaceOrientationLandscapeRight";
				LD_RUNPATH_SEARCH_PATHS = (
					"$(inherited)",
					"@executable_path/Frameworks",
				);
				MARKETING_VERSION = 1.0;
				PRODUCT_BUNDLE_IDENTIFIER = "memo-team.Memo";
				PRODUCT_NAME = "$(TARGET_NAME)";
				SWIFT_EMIT_LOC_STRINGS = YES;
				SWIFT_VERSION = 5.0;
				TARGETED_DEVICE_FAMILY = "1,2";
			};
			name = Debug;
		};
		6A8D222B27FAEA29002AC898 /* Release */ = {
			isa = XCBuildConfiguration;
			buildSettings = {
				ASSETCATALOG_COMPILER_APPICON_NAME = AppIcon;
				ASSETCATALOG_COMPILER_GLOBAL_ACCENT_COLOR_NAME = AccentColor;
				CODE_SIGN_STYLE = Automatic;
				CURRENT_PROJECT_VERSION = 1;
				DEVELOPMENT_ASSET_PATHS = "\"Memo/Preview Content\"";
				ENABLE_PREVIEWS = YES;
				GENERATE_INFOPLIST_FILE = YES;
				INFOPLIST_KEY_UIApplicationSceneManifest_Generation = YES;
				INFOPLIST_KEY_UIApplicationSupportsIndirectInputEvents = YES;
				INFOPLIST_KEY_UILaunchScreen_Generation = YES;
				INFOPLIST_KEY_UISupportedInterfaceOrientations_iPad = "UIInterfaceOrientationPortrait UIInterfaceOrientationPortraitUpsideDown UIInterfaceOrientationLandscapeLeft UIInterfaceOrientationLandscapeRight";
				INFOPLIST_KEY_UISupportedInterfaceOrientations_iPhone = "UIInterfaceOrientationPortrait UIInterfaceOrientationLandscapeLeft UIInterfaceOrientationLandscapeRight";
				LD_RUNPATH_SEARCH_PATHS = (
					"$(inherited)",
					"@executable_path/Frameworks",
				);
				MARKETING_VERSION = 1.0;
				PRODUCT_BUNDLE_IDENTIFIER = "memo-team.Memo";
				PRODUCT_NAME = "$(TARGET_NAME)";
				SWIFT_EMIT_LOC_STRINGS = YES;
				SWIFT_VERSION = 5.0;
				TARGETED_DEVICE_FAMILY = "1,2";
			};
			name = Release;
		};
		6A8D222D27FAEA29002AC898 /* Debug */ = {
			isa = XCBuildConfiguration;
			buildSettings = {
				ALWAYS_EMBED_SWIFT_STANDARD_LIBRARIES = YES;
				BUNDLE_LOADER = "$(TEST_HOST)";
				CODE_SIGN_STYLE = Automatic;
				CURRENT_PROJECT_VERSION = 1;
				GENERATE_INFOPLIST_FILE = YES;
				IPHONEOS_DEPLOYMENT_TARGET = 15.2;
				MARKETING_VERSION = 1.0;
				PRODUCT_BUNDLE_IDENTIFIER = "memo-team.MemoTests";
				PRODUCT_NAME = "$(TARGET_NAME)";
				SWIFT_EMIT_LOC_STRINGS = NO;
				SWIFT_VERSION = 5.0;
				TARGETED_DEVICE_FAMILY = "1,2";
				TEST_HOST = "$(BUILT_PRODUCTS_DIR)/Memo.app/Memo";
			};
			name = Debug;
		};
		6A8D222E27FAEA29002AC898 /* Release */ = {
			isa = XCBuildConfiguration;
			buildSettings = {
				ALWAYS_EMBED_SWIFT_STANDARD_LIBRARIES = YES;
				BUNDLE_LOADER = "$(TEST_HOST)";
				CODE_SIGN_STYLE = Automatic;
				CURRENT_PROJECT_VERSION = 1;
				GENERATE_INFOPLIST_FILE = YES;
				IPHONEOS_DEPLOYMENT_TARGET = 15.2;
				MARKETING_VERSION = 1.0;
				PRODUCT_BUNDLE_IDENTIFIER = "memo-team.MemoTests";
				PRODUCT_NAME = "$(TARGET_NAME)";
				SWIFT_EMIT_LOC_STRINGS = NO;
				SWIFT_VERSION = 5.0;
				TARGETED_DEVICE_FAMILY = "1,2";
				TEST_HOST = "$(BUILT_PRODUCTS_DIR)/Memo.app/Memo";
			};
			name = Release;
		};
		6A8D223027FAEA29002AC898 /* Debug */ = {
			isa = XCBuildConfiguration;
			buildSettings = {
				ALWAYS_EMBED_SWIFT_STANDARD_LIBRARIES = YES;
				CODE_SIGN_STYLE = Automatic;
				CURRENT_PROJECT_VERSION = 1;
				GENERATE_INFOPLIST_FILE = YES;
				MARKETING_VERSION = 1.0;
				PRODUCT_BUNDLE_IDENTIFIER = "memo-team.MemoUITests";
				PRODUCT_NAME = "$(TARGET_NAME)";
				SWIFT_EMIT_LOC_STRINGS = NO;
				SWIFT_VERSION = 5.0;
				TARGETED_DEVICE_FAMILY = "1,2";
				TEST_TARGET_NAME = Memo;
			};
			name = Debug;
		};
		6A8D223127FAEA29002AC898 /* Release */ = {
			isa = XCBuildConfiguration;
			buildSettings = {
				ALWAYS_EMBED_SWIFT_STANDARD_LIBRARIES = YES;
				CODE_SIGN_STYLE = Automatic;
				CURRENT_PROJECT_VERSION = 1;
				GENERATE_INFOPLIST_FILE = YES;
				MARKETING_VERSION = 1.0;
				PRODUCT_BUNDLE_IDENTIFIER = "memo-team.MemoUITests";
				PRODUCT_NAME = "$(TARGET_NAME)";
				SWIFT_EMIT_LOC_STRINGS = NO;
				SWIFT_VERSION = 5.0;
				TARGETED_DEVICE_FAMILY = "1,2";
				TEST_TARGET_NAME = Memo;
			};
			name = Release;
		};
/* End XCBuildConfiguration section */

/* Begin XCConfigurationList section */
		6A8D21FB27FAEA22002AC898 /* Build configuration list for PBXProject "Memo" */ = {
			isa = XCConfigurationList;
			buildConfigurations = (
				6A8D222727FAEA29002AC898 /* Debug */,
				6A8D222827FAEA29002AC898 /* Release */,
			);
			defaultConfigurationIsVisible = 0;
			defaultConfigurationName = Release;
		};
		6A8D222927FAEA29002AC898 /* Build configuration list for PBXNativeTarget "Memo" */ = {
			isa = XCConfigurationList;
			buildConfigurations = (
				6A8D222A27FAEA29002AC898 /* Debug */,
				6A8D222B27FAEA29002AC898 /* Release */,
			);
			defaultConfigurationIsVisible = 0;
			defaultConfigurationName = Release;
		};
		6A8D222C27FAEA29002AC898 /* Build configuration list for PBXNativeTarget "MemoTests" */ = {
			isa = XCConfigurationList;
			buildConfigurations = (
				6A8D222D27FAEA29002AC898 /* Debug */,
				6A8D222E27FAEA29002AC898 /* Release */,
			);
			defaultConfigurationIsVisible = 0;
			defaultConfigurationName = Release;
		};
		6A8D222F27FAEA29002AC898 /* Build configuration list for PBXNativeTarget "MemoUITests" */ = {
			isa = XCConfigurationList;
			buildConfigurations = (
				6A8D223027FAEA29002AC898 /* Debug */,
				6A8D223127FAEA29002AC898 /* Release */,
			);
			defaultConfigurationIsVisible = 0;
			defaultConfigurationName = Release;
		};
/* End XCConfigurationList section */

/* Begin XCVersionGroup section */
		6A8D220E27FAEA29002AC898 /* Memo.xcdatamodeld */ = {
			isa = XCVersionGroup;
			children = (
				6A8D220F27FAEA29002AC898 /* Memo.xcdatamodel */,
			);
			currentVersion = 6A8D220F27FAEA29002AC898 /* Memo.xcdatamodel */;
			path = Memo.xcdatamodeld;
			sourceTree = "<group>";
			versionGroupType = wrapper.xcdatamodel;
		};
/* End XCVersionGroup section */
	};
	rootObject = 6A8D21F827FAEA22002AC898 /* Project object */;
}
